{
  "version": 4,
  "terraform_version": "1.7.1",
  "serial": 258,
  "lineage": "4b2fe2a8-4aec-04f4-01b7-0a9acaf81335",
  "outputs": {},
  "resources": [
    {
      "mode": "managed",
      "type": "proxmox_vm_qemu",
      "name": "k8s-master",
      "provider": "provider[\"registry.terraform.io/telmate/proxmox\"]",
      "instances": [
        {
          "index_key": 0,
          "schema_version": 0,
          "attributes": {
            "additional_wait": 5,
            "agent": 1,
            "args": "",
            "automatic_reboot": true,
            "balloon": 0,
            "bios": "seabios",
            "boot": "order=ide2",
            "bootdisk": "",
            "bridge": null,
            "ci_wait": null,
            "cicustom": "vendor=local:snippets/vendor.yaml",
            "cipassword": "Asdfqwer1!",
            "ciuser": "shin",
            "clone": "ubuntu-2204-cloudinit-template",
            "clone_wait": 10,
            "cloudinit_cdrom_storage": "",
            "cores": 2,
            "cpu": "host",
            "default_ipv4_address": null,
            "define_connection_info": true,
            "desc": "",
            "disk": [],
            "disk_gb": null,
            "disks": [],
            "efidisk": [],
            "force_create": false,
            "force_recreate_on_change_of": null,
            "full_clone": true,
            "guest_agent_ready_timeout": 100,
            "hagroup": "",
            "hastate": "",
            "hostpci": [],
            "hotplug": "network,disk,usb",
            "id": "shinwhatc/qemu/300",
            "ipconfig0": "ip=192.168.0.200/24,gw=192.168.0.1",
            "ipconfig1": "",
            "ipconfig10": "",
            "ipconfig11": "",
            "ipconfig12": "",
            "ipconfig13": "",
            "ipconfig14": "",
            "ipconfig15": "",
            "ipconfig2": "",
            "ipconfig3": "",
            "ipconfig4": "",
            "ipconfig5": "",
            "ipconfig6": "",
            "ipconfig7": "",
            "ipconfig8": "",
            "ipconfig9": "",
            "iso": "",
            "kvm": true,
            "linked_vmid": 0,
            "mac": null,
            "machine": "q35",
            "memory": 16384,
            "name": "k8s-master-0",
            "nameserver": "",
            "network": [
              {
                "bridge": "vmbr0",
                "firewall": false,
                "link_down": false,
                "macaddr": "46:9D:0E:D8:EA:6A",
                "model": "virtio",
                "mtu": 0,
                "queues": 0,
                "rate": 0,
                "tag": -1
              }
            ],
            "nic": null,
            "numa": false,
            "onboot": false,
            "oncreate": false,
            "os_network_config": null,
            "os_type": "l26",
            "pool": "",
            "preprovision": true,
            "pxe": null,
            "qemu_os": "l26",
            "reboot_required": false,
            "scsihw": "lsi",
            "searchdomain": "",
            "serial": [],
            "smbios": [
              {
                "family": "",
                "manufacturer": "",
                "product": "",
                "serial": "",
                "sku": "",
                "uuid": "5f812573-6435-458c-bb0a-c429634150c0",
                "version": ""
              }
            ],
            "sockets": 1,
            "ssh_forward_ip": null,
            "ssh_host": null,
            "ssh_port": null,
            "ssh_private_key": null,
            "ssh_user": null,
            "sshkeys": "\nssh-rsa AAAAB3NzaC1yc2EAAAADAQABAAABAQDrGzZE8zK6D5/ymxRLpxncsBBa2yvUCR6UHkRPKkcgGHjOeJXjKCoy6H3QjuLQstHiyE6aSMifJVwLR5/U2njHRDBHLboBp3lHl3IkdyGobFhQupGVCYDptBPjGy0hUKWTXzYpKTjFKS3ME1QAM8nzpBR8Ya0RZtJpv0A6cvk6RgJazr5TNdLsFzaQnqgxT3XG5a7SzWy/Q5dcM04ILzAsZ+uirMimj8TMEs8ArME11WfQIpjmd5/CMWc4f28IlVNI6PcGgl8prWWXfVA52E0X1n212YcEigJTsnmpbWRAZDmTm3BimAVgIgHXPCqg8dFN2btnDla+u1yJNGXmiXl9 root@shinwhatc\n",
            "startup": "",
            "storage": null,
            "storage_type": null,
            "tablet": true,
            "tags": "22.04;cloudinit;ubuntu-template",
            "target_node": "shinwhatc",
            "target_nodes": null,
            "timeouts": null,
            "unused_disk": [
              {
                "file": "vm-300-disk-1",
                "slot": 0,
                "storage": "local-lvm"
              }
            ],
            "usb": [],
            "vcpus": 0,
            "vga": [],
            "vlan": -1,
            "vm_state": "running",
            "vmid": 300
          },
          "sensitive_attributes": [],
          "private": "eyJlMmJmYjczMC1lY2FhLTExZTYtOGY4OC0zNDM2M2JjN2M0YzAiOnsiY3JlYXRlIjoxMjAwMDAwMDAwMDAwLCJkZWZhdWx0IjoxMjAwMDAwMDAwMDAwLCJkZWxldGUiOjEyMDAwMDAwMDAwMDAsInJlYWQiOjEyMDAwMDAwMDAwMDAsInVwZGF0ZSI6MTIwMDAwMDAwMDAwMH19"
        },
        {
          "index_key": 1,
          "schema_version": 0,
          "attributes": {
            "additional_wait": 5,
            "agent": 1,
            "args": "",
            "automatic_reboot": true,
            "balloon": 0,
            "bios": "seabios",
            "boot": "order=ide2",
            "bootdisk": "",
            "bridge": null,
            "ci_wait": null,
            "cicustom": "vendor=local:snippets/vendor.yaml",
            "cipassword": "Asdfqwer1!",
            "ciuser": "shin",
            "clone": "ubuntu-2204-cloudinit-template",
            "clone_wait": 10,
            "cloudinit_cdrom_storage": "",
            "cores": 2,
            "cpu": "host",
            "default_ipv4_address": null,
            "define_connection_info": true,
            "desc": "",
            "disk": [],
            "disk_gb": null,
            "disks": [],
            "efidisk": [],
            "force_create": false,
            "force_recreate_on_change_of": null,
            "full_clone": true,
            "guest_agent_ready_timeout": 100,
            "hagroup": "",
            "hastate": "",
            "hostpci": [],
            "hotplug": "network,disk,usb",
            "id": "shinwhatc/qemu/301",
            "ipconfig0": "ip=192.168.0.201/24,gw=192.168.0.1",
            "ipconfig1": "",
            "ipconfig10": "",
            "ipconfig11": "",
            "ipconfig12": "",
            "ipconfig13": "",
            "ipconfig14": "",
            "ipconfig15": "",
            "ipconfig2": "",
            "ipconfig3": "",
            "ipconfig4": "",
            "ipconfig5": "",
            "ipconfig6": "",
            "ipconfig7": "",
            "ipconfig8": "",
            "ipconfig9": "",
            "iso": "",
            "kvm": true,
            "linked_vmid": 0,
            "mac": null,
            "machine": "q35",
            "memory": 16384,
            "name": "k8s-master-1",
            "nameserver": "",
            "network": [
              {
                "bridge": "vmbr0",
                "firewall": false,
                "link_down": false,
                "macaddr": "82:99:DF:88:92:5C",
                "model": "virtio",
                "mtu": 0,
                "queues": 0,
                "rate": 0,
                "tag": -1
              }
            ],
            "nic": null,
            "numa": false,
            "onboot": false,
            "oncreate": false,
            "os_network_config": null,
            "os_type": "l26",
            "pool": "",
            "preprovision": true,
            "pxe": null,
            "qemu_os": "l26",
            "reboot_required": false,
            "scsihw": "lsi",
            "searchdomain": "",
            "serial": [],
            "smbios": [
              {
                "family": "",
                "manufacturer": "",
                "product": "",
                "serial": "",
                "sku": "",
                "uuid": "f929b4f5-848d-4471-b143-b7d88a74c1f5",
                "version": ""
              }
            ],
            "sockets": 1,
            "ssh_forward_ip": null,
            "ssh_host": null,
            "ssh_port": null,
            "ssh_private_key": null,
            "ssh_user": null,
            "sshkeys": "\nssh-rsa AAAAB3NzaC1yc2EAAAADAQABAAABAQDrGzZE8zK6D5/ymxRLpxncsBBa2yvUCR6UHkRPKkcgGHjOeJXjKCoy6H3QjuLQstHiyE6aSMifJVwLR5/U2njHRDBHLboBp3lHl3IkdyGobFhQupGVCYDptBPjGy0hUKWTXzYpKTjFKS3ME1QAM8nzpBR8Ya0RZtJpv0A6cvk6RgJazr5TNdLsFzaQnqgxT3XG5a7SzWy/Q5dcM04ILzAsZ+uirMimj8TMEs8ArME11WfQIpjmd5/CMWc4f28IlVNI6PcGgl8prWWXfVA52E0X1n212YcEigJTsnmpbWRAZDmTm3BimAVgIgHXPCqg8dFN2btnDla+u1yJNGXmiXl9 root@shinwhatc\n",
            "startup": "",
            "storage": null,
            "storage_type": null,
            "tablet": true,
            "tags": "22.04;cloudinit;ubuntu-template",
            "target_node": "shinwhatc",
            "target_nodes": null,
            "timeouts": null,
            "unused_disk": [
              {
                "file": "vm-301-disk-1",
                "slot": 0,
                "storage": "local-lvm"
              }
            ],
            "usb": [],
            "vcpus": 0,
            "vga": [],
            "vlan": -1,
            "vm_state": "running",
            "vmid": 301
          },
          "sensitive_attributes": [],
          "private": "eyJlMmJmYjczMC1lY2FhLTExZTYtOGY4OC0zNDM2M2JjN2M0YzAiOnsiY3JlYXRlIjoxMjAwMDAwMDAwMDAwLCJkZWZhdWx0IjoxMjAwMDAwMDAwMDAwLCJkZWxldGUiOjEyMDAwMDAwMDAwMDAsInJlYWQiOjEyMDAwMDAwMDAwMDAsInVwZGF0ZSI6MTIwMDAwMDAwMDAwMH19"
        },
        {
          "index_key": 2,
          "schema_version": 0,
          "attributes": {
            "additional_wait": 5,
            "agent": 1,
            "args": "",
            "automatic_reboot": true,
            "balloon": 0,
            "bios": "seabios",
            "boot": "order=ide2",
            "bootdisk": "",
            "bridge": null,
            "ci_wait": null,
            "cicustom": "vendor=local:snippets/vendor.yaml",
            "cipassword": "Asdfqwer1!",
            "ciuser": "shin",
            "clone": "ubuntu-2204-cloudinit-template",
            "clone_wait": 10,
            "cloudinit_cdrom_storage": "",
            "cores": 2,
            "cpu": "host",
            "default_ipv4_address": null,
            "define_connection_info": true,
            "desc": "",
            "disk": [],
            "disk_gb": null,
            "disks": [],
            "efidisk": [],
            "force_create": false,
            "force_recreate_on_change_of": null,
            "full_clone": true,
            "guest_agent_ready_timeout": 100,
            "hagroup": "",
            "hastate": "",
            "hostpci": [],
            "hotplug": "network,disk,usb",
            "id": "shinwhatc/qemu/302",
            "ipconfig0": "ip=192.168.0.202/24,gw=192.168.0.1",
            "ipconfig1": "",
            "ipconfig10": "",
            "ipconfig11": "",
            "ipconfig12": "",
            "ipconfig13": "",
            "ipconfig14": "",
            "ipconfig15": "",
            "ipconfig2": "",
            "ipconfig3": "",
            "ipconfig4": "",
            "ipconfig5": "",
            "ipconfig6": "",
            "ipconfig7": "",
            "ipconfig8": "",
            "ipconfig9": "",
            "iso": "",
            "kvm": true,
            "linked_vmid": 0,
            "mac": null,
            "machine": "q35",
            "memory": 16384,
            "name": "k8s-master-2",
            "nameserver": "",
            "network": [
              {
                "bridge": "vmbr0",
                "firewall": false,
                "link_down": false,
                "macaddr": "CE:0B:17:B5:BF:82",
                "model": "virtio",
                "mtu": 0,
                "queues": 0,
                "rate": 0,
                "tag": -1
              }
            ],
            "nic": null,
            "numa": false,
            "onboot": false,
            "oncreate": false,
            "os_network_config": null,
            "os_type": "l26",
            "pool": "",
            "preprovision": true,
            "pxe": null,
            "qemu_os": "l26",
            "reboot_required": false,
            "scsihw": "lsi",
            "searchdomain": "",
            "serial": [],
            "smbios": [
              {
                "family": "",
                "manufacturer": "",
                "product": "",
                "serial": "",
                "sku": "",
                "uuid": "abd3482b-1e10-489e-af6b-ec62305a2415",
                "version": ""
              }
            ],
            "sockets": 1,
            "ssh_forward_ip": null,
            "ssh_host": null,
            "ssh_port": null,
            "ssh_private_key": null,
            "ssh_user": null,
            "sshkeys": "\nssh-rsa AAAAB3NzaC1yc2EAAAADAQABAAABAQDrGzZE8zK6D5/ymxRLpxncsBBa2yvUCR6UHkRPKkcgGHjOeJXjKCoy6H3QjuLQstHiyE6aSMifJVwLR5/U2njHRDBHLboBp3lHl3IkdyGobFhQupGVCYDptBPjGy0hUKWTXzYpKTjFKS3ME1QAM8nzpBR8Ya0RZtJpv0A6cvk6RgJazr5TNdLsFzaQnqgxT3XG5a7SzWy/Q5dcM04ILzAsZ+uirMimj8TMEs8ArME11WfQIpjmd5/CMWc4f28IlVNI6PcGgl8prWWXfVA52E0X1n212YcEigJTsnmpbWRAZDmTm3BimAVgIgHXPCqg8dFN2btnDla+u1yJNGXmiXl9 root@shinwhatc\n",
            "startup": "",
            "storage": null,
            "storage_type": null,
            "tablet": true,
            "tags": "22.04;cloudinit;ubuntu-template",
            "target_node": "shinwhatc",
            "target_nodes": null,
            "timeouts": null,
            "unused_disk": [
              {
                "file": "vm-302-disk-1",
                "slot": 0,
                "storage": "local-lvm"
              }
            ],
            "usb": [],
            "vcpus": 0,
            "vga": [],
            "vlan": -1,
            "vm_state": "running",
            "vmid": 302
          },
          "sensitive_attributes": [],
          "private": "eyJlMmJmYjczMC1lY2FhLTExZTYtOGY4OC0zNDM2M2JjN2M0YzAiOnsiY3JlYXRlIjoxMjAwMDAwMDAwMDAwLCJkZWZhdWx0IjoxMjAwMDAwMDAwMDAwLCJkZWxldGUiOjEyMDAwMDAwMDAwMDAsInJlYWQiOjEyMDAwMDAwMDAwMDAsInVwZGF0ZSI6MTIwMDAwMDAwMDAwMH19"
        }
      ]
    }
  ],
  "check_results": null
}
