{
  "version": 4,
  "terraform_version": "1.7.1",
  "serial": 181,
  "lineage": "46d0e4f6-42e0-0e96-e0a0-932e4fa4ee3d",
  "outputs": {
    "master-ips": {
      "value": [
        "192.168.2.130/24",
        "192.168.2.131/24",
        "192.168.2.132/24"
      ],
      "type": [
        "tuple",
        [
          "string",
          "string",
          "string"
        ]
      ]
    },
    "worker-ips": {
      "value": [
        "192.168.2.140/24",
        "192.168.2.141/24",
        "192.168.2.142/24",
        "192.168.2.143/24",
        "192.168.2.144/24",
        "192.168.2.145/24",
        "192.168.2.146/24",
        "192.168.2.147/24"
      ],
      "type": [
        "tuple",
        [
          "string",
          "string",
          "string",
          "string",
          "string",
          "string",
          "string",
          "string"
        ]
      ]
    }
  },
  "resources": [
    {
      "mode": "managed",
      "type": "proxmox_lxc",
      "name": "k-master",
      "provider": "provider[\"registry.terraform.io/telmate/proxmox\"]",
      "instances": [
        {
          "index_key": 0,
          "schema_version": 0,
          "attributes": {
            "arch": "amd64",
            "bwlimit": 0,
            "clone": null,
            "clone_storage": null,
            "cmode": "tty",
            "console": true,
            "cores": 4,
            "cpulimit": 0,
            "cpuunits": 1024,
            "description": "",
            "features": [],
            "force": false,
            "full": null,
            "hagroup": "",
            "hastate": "",
            "hookscript": "",
            "hostname": "master-0",
            "id": "shinwhatc/lxc/7770",
            "ignore_unpack_errors": false,
            "lock": "",
            "memory": 16384,
            "mountpoint": [],
            "nameserver": "",
            "network": [
              {
                "bridge": "vmbr0",
                "firewall": false,
                "gw": "192.168.2.1",
                "gw6": "",
                "hwaddr": "BC:24:11:75:A3:8B",
                "id": 0,
                "ip": "192.168.2.130/24",
                "ip6": "dhcp",
                "mtu": 0,
                "name": "eth0",
                "rate": 0,
                "tag": 0,
                "trunks": "",
                "type": "veth"
              }
            ],
            "onboot": true,
            "ostemplate": "local:vztmpl/ubuntu-23.10-standard_23.10-1_amd64.tar.zst",
            "ostype": "ubuntu",
            "password": "Asdfqwer1!",
            "pool": "k8s",
            "protection": false,
            "restore": false,
            "rootfs": [
              {
                "acl": false,
                "quota": false,
                "replicate": false,
                "ro": false,
                "shared": false,
                "size": "50G",
                "storage": "local-lvm",
                "volume": "local-lvm:vm-7770-disk-0"
              }
            ],
            "searchdomain": "",
            "ssh_public_keys": "ssh-rsa AAAAB3NzaC1yc2EAAAADAQABAAABAQDPpggx0yA9T31g6gWjx5ZEMrwR1ZArXXwmWnvWKeo9hSMI2NoaT31TKHkh0h0B840qI1JsYopFs3vN9K1qySlhw8UDj5IaMERTmB+9JOLskejtfQls12n9A3/XUkqWRb9lPB8SDYe8GWkp85UHaElzFPY3tsXusN7Jlg2f5svRYBH+2ybCFONTYhnEY7yogYb2xe/UQpZbyKtJxC0pkVWI81yeVhd3q+WUJHECZN6/ym8RQM3HD9JOomS8q5ylb/r9e8JNlQrF/xQk8vXO6rKrmihRvm2dgGANrdFS4Ekc3cR9UO2Wxfz1IjHoHVUag4wzILcWzuhf0PucOTs2Qsnx nhn@AL01590622.local",
            "start": true,
            "startup": "",
            "swap": 0,
            "tags": "23.10;k8s-master;terraform;ubuntu",
            "target_node": "shinwhatc",
            "template": false,
            "timeouts": null,
            "tty": 2,
            "unique": false,
            "unprivileged": true,
            "unused": [],
            "vmid": 7770
          },
          "sensitive_attributes": [],
          "private": "eyJlMmJmYjczMC1lY2FhLTExZTYtOGY4OC0zNDM2M2JjN2M0YzAiOnsiY3JlYXRlIjoxMjAwMDAwMDAwMDAwLCJkZWZhdWx0IjoxMjAwMDAwMDAwMDAwLCJkZWxldGUiOjEyMDAwMDAwMDAwMDAsInJlYWQiOjEyMDAwMDAwMDAwMDAsInVwZGF0ZSI6MTIwMDAwMDAwMDAwMH19"
        },
        {
          "index_key": 1,
          "schema_version": 0,
          "attributes": {
            "arch": "amd64",
            "bwlimit": 0,
            "clone": null,
            "clone_storage": null,
            "cmode": "tty",
            "console": true,
            "cores": 4,
            "cpulimit": 0,
            "cpuunits": 1024,
            "description": "",
            "features": [],
            "force": false,
            "full": null,
            "hagroup": "",
            "hastate": "",
            "hookscript": "",
            "hostname": "master-1",
            "id": "shinwhatc/lxc/7771",
            "ignore_unpack_errors": false,
            "lock": "",
            "memory": 16384,
            "mountpoint": [],
            "nameserver": "",
            "network": [
              {
                "bridge": "vmbr0",
                "firewall": false,
                "gw": "192.168.2.1",
                "gw6": "",
                "hwaddr": "BC:24:11:C6:94:DC",
                "id": 0,
                "ip": "192.168.2.131/24",
                "ip6": "dhcp",
                "mtu": 0,
                "name": "eth0",
                "rate": 0,
                "tag": 0,
                "trunks": "",
                "type": "veth"
              }
            ],
            "onboot": true,
            "ostemplate": "local:vztmpl/ubuntu-23.10-standard_23.10-1_amd64.tar.zst",
            "ostype": "ubuntu",
            "password": "Asdfqwer1!",
            "pool": "k8s",
            "protection": false,
            "restore": false,
            "rootfs": [
              {
                "acl": false,
                "quota": false,
                "replicate": false,
                "ro": false,
                "shared": false,
                "size": "50G",
                "storage": "local-lvm",
                "volume": "local-lvm:vm-7771-disk-0"
              }
            ],
            "searchdomain": "",
            "ssh_public_keys": "ssh-rsa AAAAB3NzaC1yc2EAAAADAQABAAABAQDPpggx0yA9T31g6gWjx5ZEMrwR1ZArXXwmWnvWKeo9hSMI2NoaT31TKHkh0h0B840qI1JsYopFs3vN9K1qySlhw8UDj5IaMERTmB+9JOLskejtfQls12n9A3/XUkqWRb9lPB8SDYe8GWkp85UHaElzFPY3tsXusN7Jlg2f5svRYBH+2ybCFONTYhnEY7yogYb2xe/UQpZbyKtJxC0pkVWI81yeVhd3q+WUJHECZN6/ym8RQM3HD9JOomS8q5ylb/r9e8JNlQrF/xQk8vXO6rKrmihRvm2dgGANrdFS4Ekc3cR9UO2Wxfz1IjHoHVUag4wzILcWzuhf0PucOTs2Qsnx nhn@AL01590622.local",
            "start": true,
            "startup": "",
            "swap": 0,
            "tags": "23.10;k8s-master;terraform;ubuntu",
            "target_node": "shinwhatc",
            "template": false,
            "timeouts": null,
            "tty": 2,
            "unique": false,
            "unprivileged": true,
            "unused": [],
            "vmid": 7771
          },
          "sensitive_attributes": [],
          "private": "eyJlMmJmYjczMC1lY2FhLTExZTYtOGY4OC0zNDM2M2JjN2M0YzAiOnsiY3JlYXRlIjoxMjAwMDAwMDAwMDAwLCJkZWZhdWx0IjoxMjAwMDAwMDAwMDAwLCJkZWxldGUiOjEyMDAwMDAwMDAwMDAsInJlYWQiOjEyMDAwMDAwMDAwMDAsInVwZGF0ZSI6MTIwMDAwMDAwMDAwMH19"
        },
        {
          "index_key": 2,
          "schema_version": 0,
          "attributes": {
            "arch": "amd64",
            "bwlimit": 0,
            "clone": null,
            "clone_storage": null,
            "cmode": "tty",
            "console": true,
            "cores": 4,
            "cpulimit": 0,
            "cpuunits": 1024,
            "description": "",
            "features": [],
            "force": false,
            "full": null,
            "hagroup": "",
            "hastate": "",
            "hookscript": "",
            "hostname": "master-2",
            "id": "shinwhatc/lxc/7772",
            "ignore_unpack_errors": false,
            "lock": "",
            "memory": 16384,
            "mountpoint": [],
            "nameserver": "",
            "network": [
              {
                "bridge": "vmbr0",
                "firewall": false,
                "gw": "192.168.2.1",
                "gw6": "",
                "hwaddr": "BC:24:11:F1:3A:40",
                "id": 0,
                "ip": "192.168.2.132/24",
                "ip6": "dhcp",
                "mtu": 0,
                "name": "eth0",
                "rate": 0,
                "tag": 0,
                "trunks": "",
                "type": "veth"
              }
            ],
            "onboot": true,
            "ostemplate": "local:vztmpl/ubuntu-23.10-standard_23.10-1_amd64.tar.zst",
            "ostype": "ubuntu",
            "password": "Asdfqwer1!",
            "pool": "k8s",
            "protection": false,
            "restore": false,
            "rootfs": [
              {
                "acl": false,
                "quota": false,
                "replicate": false,
                "ro": false,
                "shared": false,
                "size": "50G",
                "storage": "local-lvm",
                "volume": "local-lvm:vm-7772-disk-0"
              }
            ],
            "searchdomain": "",
            "ssh_public_keys": "ssh-rsa AAAAB3NzaC1yc2EAAAADAQABAAABAQDPpggx0yA9T31g6gWjx5ZEMrwR1ZArXXwmWnvWKeo9hSMI2NoaT31TKHkh0h0B840qI1JsYopFs3vN9K1qySlhw8UDj5IaMERTmB+9JOLskejtfQls12n9A3/XUkqWRb9lPB8SDYe8GWkp85UHaElzFPY3tsXusN7Jlg2f5svRYBH+2ybCFONTYhnEY7yogYb2xe/UQpZbyKtJxC0pkVWI81yeVhd3q+WUJHECZN6/ym8RQM3HD9JOomS8q5ylb/r9e8JNlQrF/xQk8vXO6rKrmihRvm2dgGANrdFS4Ekc3cR9UO2Wxfz1IjHoHVUag4wzILcWzuhf0PucOTs2Qsnx nhn@AL01590622.local",
            "start": true,
            "startup": "",
            "swap": 0,
            "tags": "23.10;k8s-master;terraform;ubuntu",
            "target_node": "shinwhatc",
            "template": false,
            "timeouts": null,
            "tty": 2,
            "unique": false,
            "unprivileged": true,
            "unused": [],
            "vmid": 7772
          },
          "sensitive_attributes": [],
          "private": "eyJlMmJmYjczMC1lY2FhLTExZTYtOGY4OC0zNDM2M2JjN2M0YzAiOnsiY3JlYXRlIjoxMjAwMDAwMDAwMDAwLCJkZWZhdWx0IjoxMjAwMDAwMDAwMDAwLCJkZWxldGUiOjEyMDAwMDAwMDAwMDAsInJlYWQiOjEyMDAwMDAwMDAwMDAsInVwZGF0ZSI6MTIwMDAwMDAwMDAwMH19"
        }
      ]
    },
    {
      "mode": "managed",
      "type": "proxmox_lxc",
      "name": "k-worker",
      "provider": "provider[\"registry.terraform.io/telmate/proxmox\"]",
      "instances": [
        {
          "index_key": 0,
          "schema_version": 0,
          "attributes": {
            "arch": "amd64",
            "bwlimit": 0,
            "clone": null,
            "clone_storage": null,
            "cmode": "tty",
            "console": true,
            "cores": 4,
            "cpulimit": 0,
            "cpuunits": 1024,
            "description": "",
            "features": [],
            "force": false,
            "full": null,
            "hagroup": "",
            "hastate": "",
            "hookscript": "",
            "hostname": "worker-0",
            "id": "shinwhatc/lxc/7780",
            "ignore_unpack_errors": false,
            "lock": "",
            "memory": 32768,
            "mountpoint": [],
            "nameserver": "",
            "network": [
              {
                "bridge": "vmbr0",
                "firewall": false,
                "gw": "192.168.2.1",
                "gw6": "",
                "hwaddr": "BC:24:11:D8:B9:14",
                "id": 0,
                "ip": "192.168.2.140/24",
                "ip6": "dhcp",
                "mtu": 0,
                "name": "eth0",
                "rate": 0,
                "tag": 0,
                "trunks": "",
                "type": "veth"
              }
            ],
            "onboot": true,
            "ostemplate": "local:vztmpl/ubuntu-23.10-standard_23.10-1_amd64.tar.zst",
            "ostype": "ubuntu",
            "password": "Asdfqwer1!",
            "pool": "k8s",
            "protection": false,
            "restore": false,
            "rootfs": [
              {
                "acl": false,
                "quota": false,
                "replicate": false,
                "ro": false,
                "shared": false,
                "size": "50G",
                "storage": "local-lvm",
                "volume": "local-lvm:vm-7780-disk-0"
              }
            ],
            "searchdomain": "",
            "ssh_public_keys": "ssh-rsa AAAAB3NzaC1yc2EAAAADAQABAAABAQDPpggx0yA9T31g6gWjx5ZEMrwR1ZArXXwmWnvWKeo9hSMI2NoaT31TKHkh0h0B840qI1JsYopFs3vN9K1qySlhw8UDj5IaMERTmB+9JOLskejtfQls12n9A3/XUkqWRb9lPB8SDYe8GWkp85UHaElzFPY3tsXusN7Jlg2f5svRYBH+2ybCFONTYhnEY7yogYb2xe/UQpZbyKtJxC0pkVWI81yeVhd3q+WUJHECZN6/ym8RQM3HD9JOomS8q5ylb/r9e8JNlQrF/xQk8vXO6rKrmihRvm2dgGANrdFS4Ekc3cR9UO2Wxfz1IjHoHVUag4wzILcWzuhf0PucOTs2Qsnx nhn@AL01590622.local",
            "start": true,
            "startup": "",
            "swap": 0,
            "tags": "23.10;k8s-worker;terraform;ubuntu",
            "target_node": "shinwhatc",
            "template": false,
            "timeouts": null,
            "tty": 2,
            "unique": false,
            "unprivileged": true,
            "unused": [],
            "vmid": 7780
          },
          "sensitive_attributes": [],
          "private": "eyJlMmJmYjczMC1lY2FhLTExZTYtOGY4OC0zNDM2M2JjN2M0YzAiOnsiY3JlYXRlIjoxMjAwMDAwMDAwMDAwLCJkZWZhdWx0IjoxMjAwMDAwMDAwMDAwLCJkZWxldGUiOjEyMDAwMDAwMDAwMDAsInJlYWQiOjEyMDAwMDAwMDAwMDAsInVwZGF0ZSI6MTIwMDAwMDAwMDAwMH19"
        },
        {
          "index_key": 1,
          "schema_version": 0,
          "attributes": {
            "arch": "amd64",
            "bwlimit": 0,
            "clone": null,
            "clone_storage": null,
            "cmode": "tty",
            "console": true,
            "cores": 4,
            "cpulimit": 0,
            "cpuunits": 1024,
            "description": "",
            "features": [],
            "force": false,
            "full": null,
            "hagroup": "",
            "hastate": "",
            "hookscript": "",
            "hostname": "worker-1",
            "id": "shinwhatc/lxc/7781",
            "ignore_unpack_errors": false,
            "lock": "",
            "memory": 32768,
            "mountpoint": [],
            "nameserver": "",
            "network": [
              {
                "bridge": "vmbr0",
                "firewall": false,
                "gw": "192.168.2.1",
                "gw6": "",
                "hwaddr": "BC:24:11:51:6D:0A",
                "id": 0,
                "ip": "192.168.2.141/24",
                "ip6": "dhcp",
                "mtu": 0,
                "name": "eth0",
                "rate": 0,
                "tag": 0,
                "trunks": "",
                "type": "veth"
              }
            ],
            "onboot": true,
            "ostemplate": "local:vztmpl/ubuntu-23.10-standard_23.10-1_amd64.tar.zst",
            "ostype": "ubuntu",
            "password": "Asdfqwer1!",
            "pool": "k8s",
            "protection": false,
            "restore": false,
            "rootfs": [
              {
                "acl": false,
                "quota": false,
                "replicate": false,
                "ro": false,
                "shared": false,
                "size": "50G",
                "storage": "local-lvm",
                "volume": "local-lvm:vm-7781-disk-0"
              }
            ],
            "searchdomain": "",
            "ssh_public_keys": "ssh-rsa AAAAB3NzaC1yc2EAAAADAQABAAABAQDPpggx0yA9T31g6gWjx5ZEMrwR1ZArXXwmWnvWKeo9hSMI2NoaT31TKHkh0h0B840qI1JsYopFs3vN9K1qySlhw8UDj5IaMERTmB+9JOLskejtfQls12n9A3/XUkqWRb9lPB8SDYe8GWkp85UHaElzFPY3tsXusN7Jlg2f5svRYBH+2ybCFONTYhnEY7yogYb2xe/UQpZbyKtJxC0pkVWI81yeVhd3q+WUJHECZN6/ym8RQM3HD9JOomS8q5ylb/r9e8JNlQrF/xQk8vXO6rKrmihRvm2dgGANrdFS4Ekc3cR9UO2Wxfz1IjHoHVUag4wzILcWzuhf0PucOTs2Qsnx nhn@AL01590622.local",
            "start": true,
            "startup": "",
            "swap": 0,
            "tags": "23.10;k8s-worker;terraform;ubuntu",
            "target_node": "shinwhatc",
            "template": false,
            "timeouts": null,
            "tty": 2,
            "unique": false,
            "unprivileged": true,
            "unused": [],
            "vmid": 7781
          },
          "sensitive_attributes": [],
          "private": "eyJlMmJmYjczMC1lY2FhLTExZTYtOGY4OC0zNDM2M2JjN2M0YzAiOnsiY3JlYXRlIjoxMjAwMDAwMDAwMDAwLCJkZWZhdWx0IjoxMjAwMDAwMDAwMDAwLCJkZWxldGUiOjEyMDAwMDAwMDAwMDAsInJlYWQiOjEyMDAwMDAwMDAwMDAsInVwZGF0ZSI6MTIwMDAwMDAwMDAwMH19"
        },
        {
          "index_key": 2,
          "schema_version": 0,
          "attributes": {
            "arch": "amd64",
            "bwlimit": 0,
            "clone": null,
            "clone_storage": null,
            "cmode": "tty",
            "console": true,
            "cores": 4,
            "cpulimit": 0,
            "cpuunits": 1024,
            "description": "",
            "features": [],
            "force": false,
            "full": null,
            "hagroup": "",
            "hastate": "",
            "hookscript": "",
            "hostname": "worker-2",
            "id": "shinwhatc/lxc/7782",
            "ignore_unpack_errors": false,
            "lock": "",
            "memory": 32768,
            "mountpoint": [],
            "nameserver": "",
            "network": [
              {
                "bridge": "vmbr0",
                "firewall": false,
                "gw": "192.168.2.1",
                "gw6": "",
                "hwaddr": "BC:24:11:31:E1:7A",
                "id": 0,
                "ip": "192.168.2.142/24",
                "ip6": "dhcp",
                "mtu": 0,
                "name": "eth0",
                "rate": 0,
                "tag": 0,
                "trunks": "",
                "type": "veth"
              }
            ],
            "onboot": true,
            "ostemplate": "local:vztmpl/ubuntu-23.10-standard_23.10-1_amd64.tar.zst",
            "ostype": "ubuntu",
            "password": "Asdfqwer1!",
            "pool": "k8s",
            "protection": false,
            "restore": false,
            "rootfs": [
              {
                "acl": false,
                "quota": false,
                "replicate": false,
                "ro": false,
                "shared": false,
                "size": "50G",
                "storage": "local-lvm",
                "volume": "local-lvm:vm-7782-disk-0"
              }
            ],
            "searchdomain": "",
            "ssh_public_keys": "ssh-rsa AAAAB3NzaC1yc2EAAAADAQABAAABAQDPpggx0yA9T31g6gWjx5ZEMrwR1ZArXXwmWnvWKeo9hSMI2NoaT31TKHkh0h0B840qI1JsYopFs3vN9K1qySlhw8UDj5IaMERTmB+9JOLskejtfQls12n9A3/XUkqWRb9lPB8SDYe8GWkp85UHaElzFPY3tsXusN7Jlg2f5svRYBH+2ybCFONTYhnEY7yogYb2xe/UQpZbyKtJxC0pkVWI81yeVhd3q+WUJHECZN6/ym8RQM3HD9JOomS8q5ylb/r9e8JNlQrF/xQk8vXO6rKrmihRvm2dgGANrdFS4Ekc3cR9UO2Wxfz1IjHoHVUag4wzILcWzuhf0PucOTs2Qsnx nhn@AL01590622.local",
            "start": true,
            "startup": "",
            "swap": 0,
            "tags": "23.10;k8s-worker;terraform;ubuntu",
            "target_node": "shinwhatc",
            "template": false,
            "timeouts": null,
            "tty": 2,
            "unique": false,
            "unprivileged": true,
            "unused": [],
            "vmid": 7782
          },
          "sensitive_attributes": [],
          "private": "eyJlMmJmYjczMC1lY2FhLTExZTYtOGY4OC0zNDM2M2JjN2M0YzAiOnsiY3JlYXRlIjoxMjAwMDAwMDAwMDAwLCJkZWZhdWx0IjoxMjAwMDAwMDAwMDAwLCJkZWxldGUiOjEyMDAwMDAwMDAwMDAsInJlYWQiOjEyMDAwMDAwMDAwMDAsInVwZGF0ZSI6MTIwMDAwMDAwMDAwMH19"
        },
        {
          "index_key": 3,
          "schema_version": 0,
          "attributes": {
            "arch": "amd64",
            "bwlimit": 0,
            "clone": null,
            "clone_storage": null,
            "cmode": "tty",
            "console": true,
            "cores": 4,
            "cpulimit": 0,
            "cpuunits": 1024,
            "description": "",
            "features": [],
            "force": false,
            "full": null,
            "hagroup": "",
            "hastate": "",
            "hookscript": "",
            "hostname": "worker-3",
            "id": "shinwhatc/lxc/7783",
            "ignore_unpack_errors": false,
            "lock": "",
            "memory": 32768,
            "mountpoint": [],
            "nameserver": "",
            "network": [
              {
                "bridge": "vmbr0",
                "firewall": false,
                "gw": "192.168.2.1",
                "gw6": "",
                "hwaddr": "BC:24:11:3E:D1:38",
                "id": 0,
                "ip": "192.168.2.143/24",
                "ip6": "dhcp",
                "mtu": 0,
                "name": "eth0",
                "rate": 0,
                "tag": 0,
                "trunks": "",
                "type": "veth"
              }
            ],
            "onboot": true,
            "ostemplate": "local:vztmpl/ubuntu-23.10-standard_23.10-1_amd64.tar.zst",
            "ostype": "ubuntu",
            "password": "Asdfqwer1!",
            "pool": "k8s",
            "protection": false,
            "restore": false,
            "rootfs": [
              {
                "acl": false,
                "quota": false,
                "replicate": false,
                "ro": false,
                "shared": false,
                "size": "50G",
                "storage": "local-lvm",
                "volume": "local-lvm:vm-7783-disk-0"
              }
            ],
            "searchdomain": "",
            "ssh_public_keys": "ssh-rsa AAAAB3NzaC1yc2EAAAADAQABAAABAQDPpggx0yA9T31g6gWjx5ZEMrwR1ZArXXwmWnvWKeo9hSMI2NoaT31TKHkh0h0B840qI1JsYopFs3vN9K1qySlhw8UDj5IaMERTmB+9JOLskejtfQls12n9A3/XUkqWRb9lPB8SDYe8GWkp85UHaElzFPY3tsXusN7Jlg2f5svRYBH+2ybCFONTYhnEY7yogYb2xe/UQpZbyKtJxC0pkVWI81yeVhd3q+WUJHECZN6/ym8RQM3HD9JOomS8q5ylb/r9e8JNlQrF/xQk8vXO6rKrmihRvm2dgGANrdFS4Ekc3cR9UO2Wxfz1IjHoHVUag4wzILcWzuhf0PucOTs2Qsnx nhn@AL01590622.local",
            "start": true,
            "startup": "",
            "swap": 0,
            "tags": "23.10;k8s-worker;terraform;ubuntu",
            "target_node": "shinwhatc",
            "template": false,
            "timeouts": null,
            "tty": 2,
            "unique": false,
            "unprivileged": true,
            "unused": [],
            "vmid": 7783
          },
          "sensitive_attributes": [],
          "private": "eyJlMmJmYjczMC1lY2FhLTExZTYtOGY4OC0zNDM2M2JjN2M0YzAiOnsiY3JlYXRlIjoxMjAwMDAwMDAwMDAwLCJkZWZhdWx0IjoxMjAwMDAwMDAwMDAwLCJkZWxldGUiOjEyMDAwMDAwMDAwMDAsInJlYWQiOjEyMDAwMDAwMDAwMDAsInVwZGF0ZSI6MTIwMDAwMDAwMDAwMH19"
        },
        {
          "index_key": 4,
          "schema_version": 0,
          "attributes": {
            "arch": "amd64",
            "bwlimit": 0,
            "clone": null,
            "clone_storage": null,
            "cmode": "tty",
            "console": true,
            "cores": 4,
            "cpulimit": 0,
            "cpuunits": 1024,
            "description": "",
            "features": [],
            "force": false,
            "full": null,
            "hagroup": "",
            "hastate": "",
            "hookscript": "",
            "hostname": "worker-4",
            "id": "shinwhatc/lxc/7784",
            "ignore_unpack_errors": false,
            "lock": "",
            "memory": 32768,
            "mountpoint": [],
            "nameserver": "",
            "network": [
              {
                "bridge": "vmbr0",
                "firewall": false,
                "gw": "192.168.2.1",
                "gw6": "",
                "hwaddr": "BC:24:11:20:39:26",
                "id": 0,
                "ip": "192.168.2.144/24",
                "ip6": "dhcp",
                "mtu": 0,
                "name": "eth0",
                "rate": 0,
                "tag": 0,
                "trunks": "",
                "type": "veth"
              }
            ],
            "onboot": true,
            "ostemplate": "local:vztmpl/ubuntu-23.10-standard_23.10-1_amd64.tar.zst",
            "ostype": "ubuntu",
            "password": "Asdfqwer1!",
            "pool": "k8s",
            "protection": false,
            "restore": false,
            "rootfs": [
              {
                "acl": false,
                "quota": false,
                "replicate": false,
                "ro": false,
                "shared": false,
                "size": "50G",
                "storage": "local-lvm",
                "volume": "local-lvm:vm-7784-disk-0"
              }
            ],
            "searchdomain": "",
            "ssh_public_keys": "ssh-rsa AAAAB3NzaC1yc2EAAAADAQABAAABAQDPpggx0yA9T31g6gWjx5ZEMrwR1ZArXXwmWnvWKeo9hSMI2NoaT31TKHkh0h0B840qI1JsYopFs3vN9K1qySlhw8UDj5IaMERTmB+9JOLskejtfQls12n9A3/XUkqWRb9lPB8SDYe8GWkp85UHaElzFPY3tsXusN7Jlg2f5svRYBH+2ybCFONTYhnEY7yogYb2xe/UQpZbyKtJxC0pkVWI81yeVhd3q+WUJHECZN6/ym8RQM3HD9JOomS8q5ylb/r9e8JNlQrF/xQk8vXO6rKrmihRvm2dgGANrdFS4Ekc3cR9UO2Wxfz1IjHoHVUag4wzILcWzuhf0PucOTs2Qsnx nhn@AL01590622.local",
            "start": true,
            "startup": "",
            "swap": 0,
            "tags": "23.10;k8s-worker;terraform;ubuntu",
            "target_node": "shinwhatc",
            "template": false,
            "timeouts": null,
            "tty": 2,
            "unique": false,
            "unprivileged": true,
            "unused": [],
            "vmid": 7784
          },
          "sensitive_attributes": [],
          "private": "eyJlMmJmYjczMC1lY2FhLTExZTYtOGY4OC0zNDM2M2JjN2M0YzAiOnsiY3JlYXRlIjoxMjAwMDAwMDAwMDAwLCJkZWZhdWx0IjoxMjAwMDAwMDAwMDAwLCJkZWxldGUiOjEyMDAwMDAwMDAwMDAsInJlYWQiOjEyMDAwMDAwMDAwMDAsInVwZGF0ZSI6MTIwMDAwMDAwMDAwMH19"
        },
        {
          "index_key": 5,
          "schema_version": 0,
          "attributes": {
            "arch": "amd64",
            "bwlimit": 0,
            "clone": null,
            "clone_storage": null,
            "cmode": "tty",
            "console": true,
            "cores": 4,
            "cpulimit": 0,
            "cpuunits": 1024,
            "description": "",
            "features": [],
            "force": false,
            "full": null,
            "hagroup": "",
            "hastate": "",
            "hookscript": "",
            "hostname": "worker-5",
            "id": "shinwhatc/lxc/7785",
            "ignore_unpack_errors": false,
            "lock": "",
            "memory": 32768,
            "mountpoint": [],
            "nameserver": "",
            "network": [
              {
                "bridge": "vmbr0",
                "firewall": false,
                "gw": "192.168.2.1",
                "gw6": "",
                "hwaddr": "BC:24:11:71:05:BD",
                "id": 0,
                "ip": "192.168.2.145/24",
                "ip6": "dhcp",
                "mtu": 0,
                "name": "eth0",
                "rate": 0,
                "tag": 0,
                "trunks": "",
                "type": "veth"
              }
            ],
            "onboot": true,
            "ostemplate": "local:vztmpl/ubuntu-23.10-standard_23.10-1_amd64.tar.zst",
            "ostype": "ubuntu",
            "password": "Asdfqwer1!",
            "pool": "k8s",
            "protection": false,
            "restore": false,
            "rootfs": [
              {
                "acl": false,
                "quota": false,
                "replicate": false,
                "ro": false,
                "shared": false,
                "size": "50G",
                "storage": "local-lvm",
                "volume": "local-lvm:vm-7785-disk-0"
              }
            ],
            "searchdomain": "",
            "ssh_public_keys": "ssh-rsa AAAAB3NzaC1yc2EAAAADAQABAAABAQDPpggx0yA9T31g6gWjx5ZEMrwR1ZArXXwmWnvWKeo9hSMI2NoaT31TKHkh0h0B840qI1JsYopFs3vN9K1qySlhw8UDj5IaMERTmB+9JOLskejtfQls12n9A3/XUkqWRb9lPB8SDYe8GWkp85UHaElzFPY3tsXusN7Jlg2f5svRYBH+2ybCFONTYhnEY7yogYb2xe/UQpZbyKtJxC0pkVWI81yeVhd3q+WUJHECZN6/ym8RQM3HD9JOomS8q5ylb/r9e8JNlQrF/xQk8vXO6rKrmihRvm2dgGANrdFS4Ekc3cR9UO2Wxfz1IjHoHVUag4wzILcWzuhf0PucOTs2Qsnx nhn@AL01590622.local",
            "start": true,
            "startup": "",
            "swap": 0,
            "tags": "23.10;k8s-worker;terraform;ubuntu",
            "target_node": "shinwhatc",
            "template": false,
            "timeouts": null,
            "tty": 2,
            "unique": false,
            "unprivileged": true,
            "unused": [],
            "vmid": 7785
          },
          "sensitive_attributes": [],
          "private": "eyJlMmJmYjczMC1lY2FhLTExZTYtOGY4OC0zNDM2M2JjN2M0YzAiOnsiY3JlYXRlIjoxMjAwMDAwMDAwMDAwLCJkZWZhdWx0IjoxMjAwMDAwMDAwMDAwLCJkZWxldGUiOjEyMDAwMDAwMDAwMDAsInJlYWQiOjEyMDAwMDAwMDAwMDAsInVwZGF0ZSI6MTIwMDAwMDAwMDAwMH19"
        },
        {
          "index_key": 6,
          "schema_version": 0,
          "attributes": {
            "arch": "amd64",
            "bwlimit": 0,
            "clone": null,
            "clone_storage": null,
            "cmode": "tty",
            "console": true,
            "cores": 4,
            "cpulimit": 0,
            "cpuunits": 1024,
            "description": "",
            "features": [],
            "force": false,
            "full": null,
            "hagroup": "",
            "hastate": "",
            "hookscript": "",
            "hostname": "worker-6",
            "id": "shinwhatc/lxc/7786",
            "ignore_unpack_errors": false,
            "lock": "",
            "memory": 32768,
            "mountpoint": [],
            "nameserver": "",
            "network": [
              {
                "bridge": "vmbr0",
                "firewall": false,
                "gw": "192.168.2.1",
                "gw6": "",
                "hwaddr": "BC:24:11:43:CA:8C",
                "id": 0,
                "ip": "192.168.2.146/24",
                "ip6": "dhcp",
                "mtu": 0,
                "name": "eth0",
                "rate": 0,
                "tag": 0,
                "trunks": "",
                "type": "veth"
              }
            ],
            "onboot": true,
            "ostemplate": "local:vztmpl/ubuntu-23.10-standard_23.10-1_amd64.tar.zst",
            "ostype": "ubuntu",
            "password": "Asdfqwer1!",
            "pool": "k8s",
            "protection": false,
            "restore": false,
            "rootfs": [
              {
                "acl": false,
                "quota": false,
                "replicate": false,
                "ro": false,
                "shared": false,
                "size": "50G",
                "storage": "local-lvm",
                "volume": "local-lvm:vm-7786-disk-0"
              }
            ],
            "searchdomain": "",
            "ssh_public_keys": "ssh-rsa AAAAB3NzaC1yc2EAAAADAQABAAABAQDPpggx0yA9T31g6gWjx5ZEMrwR1ZArXXwmWnvWKeo9hSMI2NoaT31TKHkh0h0B840qI1JsYopFs3vN9K1qySlhw8UDj5IaMERTmB+9JOLskejtfQls12n9A3/XUkqWRb9lPB8SDYe8GWkp85UHaElzFPY3tsXusN7Jlg2f5svRYBH+2ybCFONTYhnEY7yogYb2xe/UQpZbyKtJxC0pkVWI81yeVhd3q+WUJHECZN6/ym8RQM3HD9JOomS8q5ylb/r9e8JNlQrF/xQk8vXO6rKrmihRvm2dgGANrdFS4Ekc3cR9UO2Wxfz1IjHoHVUag4wzILcWzuhf0PucOTs2Qsnx nhn@AL01590622.local",
            "start": true,
            "startup": "",
            "swap": 0,
            "tags": "23.10;k8s-worker;terraform;ubuntu",
            "target_node": "shinwhatc",
            "template": false,
            "timeouts": null,
            "tty": 2,
            "unique": false,
            "unprivileged": true,
            "unused": [],
            "vmid": 7786
          },
          "sensitive_attributes": [],
          "private": "eyJlMmJmYjczMC1lY2FhLTExZTYtOGY4OC0zNDM2M2JjN2M0YzAiOnsiY3JlYXRlIjoxMjAwMDAwMDAwMDAwLCJkZWZhdWx0IjoxMjAwMDAwMDAwMDAwLCJkZWxldGUiOjEyMDAwMDAwMDAwMDAsInJlYWQiOjEyMDAwMDAwMDAwMDAsInVwZGF0ZSI6MTIwMDAwMDAwMDAwMH19"
        },
        {
          "index_key": 7,
          "schema_version": 0,
          "attributes": {
            "arch": "amd64",
            "bwlimit": 0,
            "clone": null,
            "clone_storage": null,
            "cmode": "tty",
            "console": true,
            "cores": 4,
            "cpulimit": 0,
            "cpuunits": 1024,
            "description": "",
            "features": [],
            "force": false,
            "full": null,
            "hagroup": "",
            "hastate": "",
            "hookscript": "",
            "hostname": "worker-7",
            "id": "shinwhatc/lxc/7787",
            "ignore_unpack_errors": false,
            "lock": "",
            "memory": 32768,
            "mountpoint": [],
            "nameserver": "",
            "network": [
              {
                "bridge": "vmbr0",
                "firewall": false,
                "gw": "192.168.2.1",
                "gw6": "",
                "hwaddr": "BC:24:11:73:EA:85",
                "id": 0,
                "ip": "192.168.2.147/24",
                "ip6": "dhcp",
                "mtu": 0,
                "name": "eth0",
                "rate": 0,
                "tag": 0,
                "trunks": "",
                "type": "veth"
              }
            ],
            "onboot": true,
            "ostemplate": "local:vztmpl/ubuntu-23.10-standard_23.10-1_amd64.tar.zst",
            "ostype": "ubuntu",
            "password": "Asdfqwer1!",
            "pool": "k8s",
            "protection": false,
            "restore": false,
            "rootfs": [
              {
                "acl": false,
                "quota": false,
                "replicate": false,
                "ro": false,
                "shared": false,
                "size": "50G",
                "storage": "local-lvm",
                "volume": "local-lvm:vm-7787-disk-0"
              }
            ],
            "searchdomain": "",
            "ssh_public_keys": "ssh-rsa AAAAB3NzaC1yc2EAAAADAQABAAABAQDPpggx0yA9T31g6gWjx5ZEMrwR1ZArXXwmWnvWKeo9hSMI2NoaT31TKHkh0h0B840qI1JsYopFs3vN9K1qySlhw8UDj5IaMERTmB+9JOLskejtfQls12n9A3/XUkqWRb9lPB8SDYe8GWkp85UHaElzFPY3tsXusN7Jlg2f5svRYBH+2ybCFONTYhnEY7yogYb2xe/UQpZbyKtJxC0pkVWI81yeVhd3q+WUJHECZN6/ym8RQM3HD9JOomS8q5ylb/r9e8JNlQrF/xQk8vXO6rKrmihRvm2dgGANrdFS4Ekc3cR9UO2Wxfz1IjHoHVUag4wzILcWzuhf0PucOTs2Qsnx nhn@AL01590622.local",
            "start": true,
            "startup": "",
            "swap": 0,
            "tags": "23.10;k8s-worker;terraform;ubuntu",
            "target_node": "shinwhatc",
            "template": false,
            "timeouts": null,
            "tty": 2,
            "unique": false,
            "unprivileged": true,
            "unused": [],
            "vmid": 7787
          },
          "sensitive_attributes": [],
          "private": "eyJlMmJmYjczMC1lY2FhLTExZTYtOGY4OC0zNDM2M2JjN2M0YzAiOnsiY3JlYXRlIjoxMjAwMDAwMDAwMDAwLCJkZWZhdWx0IjoxMjAwMDAwMDAwMDAwLCJkZWxldGUiOjEyMDAwMDAwMDAwMDAsInJlYWQiOjEyMDAwMDAwMDAwMDAsInVwZGF0ZSI6MTIwMDAwMDAwMDAwMH19"
        }
      ]
    }
  ],
  "check_results": null
}
